{
  "requires": true,
  "lockfileVersion": 1,
  "dependencies": {
    "vuetify": {
      "version": "1.3.4",
      "resolved": "https://registry.npmjs.org/vuetify/-/vuetify-1.3.4.tgz",
      "integrity": "sha512-6zlbB0U3LLJLRtvOb7DqK+/df1vkQlF5HzxATDnAejErhnItHAyHK3JJuTivYyEifknVK7tyQaCud99gvY28QA==",
      "dev": true
    }
  }
}
